
Microsoft Visual Studio Solution File, Format Version 12.00
Project("{FAE04EC0-301F-11D3-BF4B-00C04F79EFBC}") = "ISCSI-Util", "ISCSI-Util\ISCSI-Util.csproj", "{ED99F685-A2DD-42E0-9A15-AA3BFE1D0531}"
EndProject
Global
	GlobalSection(SolutionConfigurationPlatforms) = preSolution
		Debug|Any CPU = Debug|Any CPU
		Release|Any CPU = Release|Any CPU
	EndGlobalSection
	GlobalSection(ProjectConfigurationPlatforms) = postSolution
		{ED99F685-A2DD-42E0-9A15-AA3BFE1D0531}.Debug|Any CPU.ActiveCfg = Debug|Any CPU
		{ED99F685-A2DD-42E0-9A15-AA3BFE1D0531}.Debug|Any CPU.Build.0 = Debug|Any CPU
		{ED99F685-A2DD-42E0-9A15-AA3BFE1D0531}.Release|Any CPU.ActiveCfg = Release|Any CPU
		{ED99F685-A2DD-42E0-9A15-AA3BFE1D0531}.Release|Any CPU.Build.0 = Release|Any CPU
	EndGlobalSection
EndGlobal
